
Microsoft Visual Studio Solution File, Format Version 12.00
# Visual Studio Version 17
VisualStudioVersion = 17.9.34728.123
MinimumVisualStudioVersion = 10.0.40219.1
Project("{FAE04EC0-301F-11D3-BF4B-00C04F79EFBC}") = "StarWars.API", "StarWars.API\StarWars.API.csproj", "{6CB420B9-A339-4532-AB89-25BF8636EA1B}"
EndProject
Global
	GlobalSection(SolutionConfigurationPlatforms) = preSolution
		Debug|Any CPU = Debug|Any CPU
		Release|Any CPU = Release|Any CPU
	EndGlobalSection
	GlobalSection(ProjectConfigurationPlatforms) = postSolution
		{6CB420B9-A339-4532-AB89-25BF8636EA1B}.Debug|Any CPU.ActiveCfg = Debug|Any CPU
		{6CB420B9-A339-4532-AB89-25BF8636EA1B}.Debug|Any CPU.Build.0 = Debug|Any CPU
		{6CB420B9-A339-4532-AB89-25BF8636EA1B}.Release|Any CPU.ActiveCfg = Release|Any CPU
		{6CB420B9-A339-4532-AB89-25BF8636EA1B}.Release|Any CPU.Build.0 = Release|Any CPU
	EndGlobalSection
	GlobalSection(SolutionProperties) = preSolution
		HideSolutionNode = FALSE
	EndGlobalSection
	GlobalSection(ExtensibilityGlobals) = postSolution
		SolutionGuid = {909E5C9B-25A3-4965-92D0-36A971E1AE23}
	EndGlobalSection
EndGlobal
